# This file is automatically @generated by Cargo.
# It is not intended for manual editing.
version = 4

[[package]]
name = "adler2"
version = "2.0.1"
source = "registry+https://github.com/rust-lang/crates.io-index"
checksum = "320119579fcad9c21884f5c4861d16174d0e06250625266f50fe6898340abefa"

[[package]]
name = "arrayref"
version = "0.3.9"
source = "registry+https://github.com/rust-lang/crates.io-index"
checksum = "76a2e8124351fda1ef8aaaa3bbd7ebbcb486bbcd4225aca0aa0d84bb2db8fecb"

[[package]]
name = "arrayvec"
version = "0.7.7"
source = "registry+https://github.com/rust-lang/crates.io-index"
checksum = "f02882884d3e1bc524fb12c79f107f6ad0e1cfd498c536ffb494301740995dfe"

[[package]]
name = "bitflags"
version = "1.3.2"
source = "registry+https://github.com/rust-lang/crates.io-index"
checksum = "bef38d45163c2f1dde094a7dfd33ccf595c92905c8f8f4fdc18d06fb1037718a"

[[package]]
name = "bitflags"
version = "2.13.0"
source = "registry+https://github.com/rust-lang/crates.io-index"
checksum = "b4388bee8683e3d04af747c73422af53102d2bd24d9eadb6cbc100baef4b43f8"

[[package]]
name = "bytemuck"
version = "1.25.0"
source = "registry+https://github.com/rust-lang/crates.io-index"
checksum = "c8efb64bd706a16a1bdde310ae86b351e4d21550d98d056f22f8a7f7a2183fec"
dependencies = [
 "bytemuck_derive",
]

[[package]]
name = "bytemuck_derive"
version = "1.10.2"
source = "registry+https://github.com/rust-lang/crates.io-index"
checksum = "f9abbd1bc6865053c427f7198e6af43bfdedc55ab791faed4fbd361d789575ff"
dependencies = [
 "proc-macro2",
 "quote",
 "syn",
]

[[package]]
name = "cfg-if"
version = "1.0.4"
source = "registry+https://github.com/rust-lang/crates.io-index"
checksum = "9330f8b2ff13f34540b44e946ef35111825727b38d33286ef986142615121801"

[[package]]
name = "core_maths"
version = "0.1.1"
source = "registry+https://github.com/rust-lang/crates.io-index"
checksum = "77745e017f5edba1a9c1d854f6f3a52dac8a12dd5af5d2f54aecf61e43d80d30"
dependencies = [
 "libm",
]

[[package]]
name = "cosmic-text"
version = "0.19.0"
source = "registry+https://github.com/rust-lang/crates.io-index"
checksum = "be17b688510d934ce13f48a2beba700e11583e281e0fda99c22bb256a14eda73"
dependencies = [
 "bitflags 2.13.0",
 "core_maths",
 "fontdb",
 "harfrust",
 "hashbrown",
 "libm",
 "linebender_resource_handle",
 "log",
 "rangemap",
 "rustc-hash",
 "self_cell",
 "skrifa 0.40.0",
 "smol_str",
 "swash",
 "unicode-bidi",
 "unicode-linebreak",
 "unicode-script",
 "unicode-segmentation",
]

[[package]]
name = "crc32fast"
version = "1.5.0"
source = "registry+https://github.com/rust-lang/crates.io-index"
checksum = "9481c1c90cbf2ac953f07c8d4a58aa3945c425b7185c9154d67a65e4230da511"
dependencies = [
 "cfg-if",
]

[[package]]
name = "fdeflate"
version = "0.3.7"
source = "registry+https://github.com/rust-lang/crates.io-index"
checksum = "1e6853b52649d4ac5c0bd02320cddc5ba956bdb407c4b75a2c6b75bf51500f8c"
dependencies = [
 "simd-adler32",
]

[[package]]
name = "flate2"
version = "1.1.9"
source = "registry+https://github.com/rust-lang/crates.io-index"
checksum = "843fba2746e448b37e26a819579957415c8cef339bf08564fe8b7ddbd959573c"
dependencies = [
 "crc32fast",
 "miniz_oxide",
]

[[package]]
name = "font-types"
version = "0.11.3"
source = "registry+https://github.com/rust-lang/crates.io-index"
checksum = "5b38ad915f6dadd993ced50848a8291a543bd41ca62bc10740d5e64e2ab4cfd7"
dependencies = [
 "bytemuck",
]

[[package]]
name = "fontdb"
version = "0.23.0"
source = "registry+https://github.com/rust-lang/crates.io-index"
checksum = "457e789b3d1202543297a350643cf459f836cade38934e7a4cf6a39e7cde2905"
dependencies = [
 "log",
 "slotmap",
 "tinyvec",
 "ttf-parser",
]

[[package]]
name = "harfrust"
version = "0.5.2"
source = "registry+https://github.com/rust-lang/crates.io-index"
checksum = "9da2e5ae821f6e96664977bf974d6d6a2d6682f9ccee23e62ec1d134246845f9"
dependencies = [
 "bitflags 2.13.0",
 "bytemuck",
 "core_maths",
 "read-fonts 0.37.0",
 "smallvec",
]

[[package]]
name = "hashbrown"
version = "0.17.1"
source = "registry+https://github.com/rust-lang/crates.io-index"
checksum = "ed5909b6e89a2db4456e54cd5f673791d7eca6732202bbf2a9cc504fe2f9b84a"

[[package]]
name = "i_float"
version = "3.0.0"
source = "registry+https://github.com/rust-lang/crates.io-index"
checksum = "519b2780a1187eeed09145e5d168863c87f0d704abe84084206ebd897f99c6dc"
dependencies = [
 "libm",
]

[[package]]
name = "i_key_sort"
version = "0.10.3"
source = "registry+https://github.com/rust-lang/crates.io-index"
checksum = "d73d122b937fca067feb0ad74f62388920272b27c356d4df2d0cfdd59e044cf0"

[[package]]
name = "i_overlay"
version = "7.0.2"
source = "registry+https://github.com/rust-lang/crates.io-index"
checksum = "bf284de04038af713dad8b4a88d2bc97f1c8c0a87fc1f43e28e3b965d0136d9e"
dependencies = [
 "i_float",
 "i_key_sort",
 "i_shape",
 "i_tree",
]

[[package]]
name = "i_shape"
version = "3.0.0"
source = "registry+https://github.com/rust-lang/crates.io-index"
checksum = "90b2ee7bae072887c579a2f2fd2a7fa1c29cceecfae1998ef940061c5570afff"
dependencies = [
 "i_float",
]

[[package]]
name = "i_tree"
version = "0.19.0"
source = "registry+https://github.com/rust-lang/crates.io-index"
checksum = "1e9d4a992a9fe83130f41ceacceac3bb116a4355dfc9c8d6ecea4f1e4b4c6caf"

[[package]]
name = "libm"
version = "0.2.16"
source = "registry+https://github.com/rust-lang/crates.io-index"
checksum = "b6d2cec3eae94f9f509c767b45932f1ada8350c4bdb85af2fcab4a3c14807981"

[[package]]
name = "linebender_resource_handle"
version = "0.1.1"
source = "registry+https://github.com/rust-lang/crates.io-index"
checksum = "d4a5ff6bcca6c4867b1c4fd4ef63e4db7436ef363e0ad7531d1558856bae64f4"

[[package]]
name = "log"
version = "0.4.33"
source = "registry+https://github.com/rust-lang/crates.io-index"
checksum = "0ceec5bc11778974d1bcb055b18002eba7f4b3518b6a0081b3af5f21666da9ad"

[[package]]
name = "miniz_oxide"
version = "0.8.9"
source = "registry+https://github.com/rust-lang/crates.io-index"
checksum = "1fa76a2c86f704bdb222d66965fb3d63269ce38518b83cb0575fca855ebb6316"
dependencies = [
 "adler2",
 "simd-adler32",
]

[[package]]
name = "png"
version = "0.17.16"
source = "registry+https://github.com/rust-lang/crates.io-index"
checksum = "82151a2fc869e011c153adc57cf2789ccb8d9906ce52c0b39a6b5697749d7526"
dependencies = [
 "bitflags 1.3.2",
 "crc32fast",
 "fdeflate",
 "flate2",
 "miniz_oxide",
]

[[package]]
name = "proc-macro2"
version = "1.0.106"
source = "registry+https://github.com/rust-lang/crates.io-index"
checksum = "8fd00f0bb2e90d81d1044c2b32617f68fcb9fa3bb7640c23e9c748e53fb30934"
dependencies = [
 "unicode-ident",
]

[[package]]
name = "quote"
version = "1.0.46"
source = "registry+https://github.com/rust-lang/crates.io-index"
checksum = "dfbc457d0c7a0759a614551b11a6409e5951f6c7537be1f1b7682b9ae9230368"
dependencies = [
 "proc-macro2",
]

[[package]]
name = "rangemap"
version = "1.7.1"
source = "registry+https://github.com/rust-lang/crates.io-index"
checksum = "973443cf09a9c8656b574a866ab68dfa19f0867d0340648c7d2f6a71b8a8ea68"

[[package]]
name = "read-fonts"
version = "0.37.0"
source = "registry+https://github.com/rust-lang/crates.io-index"
checksum = "7b634fabf032fab15307ffd272149b622260f55974d9fad689292a5d33df02e5"
dependencies = [
 "bytemuck",
 "core_maths",
 "font-types",
]

[[package]]
name = "read-fonts"
version = "0.39.2"
source = "registry+https://github.com/rust-lang/crates.io-index"
checksum = "c4ed38b89c2c77ff968c524145ad65fb010f38af5c7a224b53b81d47ac2daa81"
dependencies = [
 "bytemuck",
 "core_maths",
 "font-types",
]

[[package]]
name = "rustc-hash"
version = "2.1.2"
source = "registry+https://github.com/rust-lang/crates.io-index"
checksum = "94300abf3f1ae2e2b8ffb7b58043de3d399c73fa6f4b73826402a5c457614dbe"

[[package]]
name = "self_cell"
version = "1.2.2"
source = "registry+https://github.com/rust-lang/crates.io-index"
checksum = "b12e76d157a900eb52e81bc6e9f3069344290341720e9178cde2407113ac8d89"

[[package]]
name = "simd-adler32"
version = "0.3.9"
source = "registry+https://github.com/rust-lang/crates.io-index"
checksum = "703d5c7ef118737c72f1af64ad2f6f8c5e1921f818cdcb97b8fe6fc69bf66214"

[[package]]
name = "skrifa"
version = "0.40.0"
source = "registry+https://github.com/rust-lang/crates.io-index"
checksum = "7fbdfe3d2475fbd7ddd1f3e5cf8288a30eb3e5f95832829570cd88115a7434ac"
dependencies = [
 "bytemuck",
 "core_maths",
 "read-fonts 0.37.0",
]

[[package]]
name = "skrifa"
version = "0.42.1"
source = "registry+https://github.com/rust-lang/crates.io-index"
checksum = "0c34617370ae968efb7161bb2beb517d9084659aae19e24b89e3db25b46e4564"
dependencies = [
 "bytemuck",
 "core_maths",
 "read-fonts 0.39.2",
]

[[package]]
name = "slotmap"
version = "1.1.1"
source = "registry+https://github.com/rust-lang/crates.io-index"
checksum = "bdd58c3c93c3d278ca835519292445cb4b0d4dc59ccfdf7ceadaab3f8aeb4038"
dependencies = [
 "version_check",
]

[[package]]
name = "smallvec"
version = "1.15.2"
source = "registry+https://github.com/rust-lang/crates.io-index"
checksum = "8ed6a63f02c8539c91a8685a86f4099661ba3da017932f6ebbea6de3f0fa7c90"

[[package]]
name = "smol_str"
version = "0.3.6"
source = "registry+https://github.com/rust-lang/crates.io-index"
checksum = "4aaa7368fcf4852a4c2dd92df0cace6a71f2091ca0a23391ce7f3a31833f1523"

[[package]]
name = "strict-num"
version = "0.1.1"
source = "registry+https://github.com/rust-lang/crates.io-index"
checksum = "6637bab7722d379c8b41ba849228d680cc12d0a45ba1fa2b48f2a30577a06731"

[[package]]
name = "swash"
version = "0.2.10"
source = "registry+https://github.com/rust-lang/crates.io-index"
checksum = "6c2499c2d826531388872b2268718aed907a39bd785ab0dcfe57fab26283f92e"
dependencies = [
 "core_maths",
 "skrifa 0.42.1",
 "yazi",
 "zeno",
]

[[package]]
name = "syn"
version = "2.0.118"
source = "registry+https://github.com/rust-lang/crates.io-index"
checksum = "1b9ae57f904213ebb649ce6895b8a66c66f0203b9319718f69a5612a065b1422"
dependencies = [
 "proc-macro2",
 "quote",
 "unicode-ident",
]

[[package]]
name = "tiny-skia"
version = "0.11.4"
source = "registry+https://github.com/rust-lang/crates.io-index"
checksum = "83d13394d44dae3207b52a326c0c85a8bf87f1541f23b0d143811088497b09ab"
dependencies = [
 "arrayref",
 "arrayvec",
 "bytemuck",
 "cfg-if",
 "log",
 "png",
 "tiny-skia-path",
]

[[package]]
name = "tiny-skia-path"
version = "0.11.4"
source = "registry+https://github.com/rust-lang/crates.io-index"
checksum = "9c9e7fc0c2e86a30b117d0462aa261b72b7a99b7ebd7deb3a14ceda95c5bdc93"
dependencies = [
 "arrayref",
 "bytemuck",
 "strict-num",
]

[[package]]
name = "tinyvec"
version = "1.11.0"
source = "registry+https://github.com/rust-lang/crates.io-index"
checksum = "3e61e67053d25a4e82c844e8424039d9745781b3fc4f32b8d55ed50f5f667ef3"
dependencies = [
 "tinyvec_macros",
]

[[package]]
name = "tinyvec_macros"
version = "0.1.1"
source = "registry+https://github.com/rust-lang/crates.io-index"
checksum = "1f3ccbac311fea05f86f61904b462b55fb3df8837a366dfc601a0161d0532f20"

[[package]]
name = "ttf-parser"
version = "0.25.1"
source = "registry+https://github.com/rust-lang/crates.io-index"
checksum = "d2df906b07856748fa3f6e0ad0cbaa047052d4a7dd609e231c4f72cee8c36f31"
dependencies = [
 "core_maths",
]

[[package]]
name = "unicode-bidi"
version = "0.3.18"
source = "registry+https://github.com/rust-lang/crates.io-index"
checksum = "5c1cb5db39152898a79168971543b1cb5020dff7fe43c8dc468b0885f5e29df5"

[[package]]
name = "unicode-ident"
version = "1.0.24"
source = "registry+https://github.com/rust-lang/crates.io-index"
checksum = "e6e4313cd5fcd3dad5cafa179702e2b244f760991f45397d14d4ebf38247da75"

[[package]]
name = "unicode-linebreak"
version = "0.1.5"
source = "registry+https://github.com/rust-lang/crates.io-index"
checksum = "3b09c83c3c29d37506a3e260c08c03743a6bb66a9cd432c6934ab501a190571f"

[[package]]
name = "unicode-script"
version = "0.5.8"
source = "registry+https://github.com/rust-lang/crates.io-index"
checksum = "383ad40bb927465ec0ce7720e033cb4ca06912855fc35db31b5755d0de75b1ee"

[[package]]
name = "unicode-segmentation"
version = "1.13.3"
source = "registry+https://github.com/rust-lang/crates.io-index"
checksum = "c6f5d3c3b1bf09027a88a6bc961fc00497d651009560b5463668dc81b0fa87a8"

[[package]]
name = "varos-text-spike"
version = "0.0.0"
dependencies = [
 "cosmic-text",
 "fontdb",
 "i_overlay",
 "skrifa 0.42.1",
 "tiny-skia",
 "unicode-bidi",
 "unicode-linebreak",
 "unicode-segmentation",
]

[[package]]
name = "version_check"
version = "0.9.5"
source = "registry+https://github.com/rust-lang/crates.io-index"
checksum = "0b928f33d975fc6ad9f86c8f283853ad26bdd5b10b7f1542aa2fa15e2289105a"

[[package]]
name = "yazi"
version = "0.2.1"
source = "registry+https://github.com/rust-lang/crates.io-index"
checksum = "e01738255b5a16e78bbb83e7fbba0a1e7dd506905cfc53f4622d89015a03fbb5"

[[package]]
name = "zeno"
version = "0.3.3"
source = "registry+https://github.com/rust-lang/crates.io-index"
checksum = "6df3dc4292935e51816d896edcd52aa30bc297907c26167fec31e2b0c6a32524"
dependencies = [
 "libm",
]
